
Microsoft Visual Studio Solution File, Format Version 12.00
# Visual Studio 2013
VisualStudioVersion = 12.0.31101.0
MinimumVisualStudioVersion = 10.0.40219.1
Project("{FAE04EC0-301F-11D3-BF4B-00C04F79EFBC}") = "Tunes-MVC", "Tunes-MVC\Tunes-MVC.csproj", "{7B172444-6CE6-4C5A-849E-C8B8B34A909B}"
EndProject
Project("{FAE04EC0-301F-11D3-BF4B-00C04F79EFBC}") = "Tunes-MVC.Tests", "Tunes-MVC.Tests\Tunes-MVC.Tests.csproj", "{F521ABB7-0ECE-40E6-86F7-3080AD41C874}"
EndProject
Global
	GlobalSection(SolutionConfigurationPlatforms) = preSolution
		Debug|Any CPU = Debug|Any CPU
		Release|Any CPU = Release|Any CPU
	EndGlobalSection
	GlobalSection(ProjectConfigurationPlatforms) = postSolution
		{7B172444-6CE6-4C5A-849E-C8B8B34A909B}.Debug|Any CPU.ActiveCfg = Debug|Any CPU
		{7B172444-6CE6-4C5A-849E-C8B8B34A909B}.Debug|Any CPU.Build.0 = Debug|Any CPU
		{7B172444-6CE6-4C5A-849E-C8B8B34A909B}.Release|Any CPU.ActiveCfg = Release|Any CPU
		{7B172444-6CE6-4C5A-849E-C8B8B34A909B}.Release|Any CPU.Build.0 = Release|Any CPU
		{F521ABB7-0ECE-40E6-86F7-3080AD41C874}.Debug|Any CPU.ActiveCfg = Debug|Any CPU
		{F521ABB7-0ECE-40E6-86F7-3080AD41C874}.Debug|Any CPU.Build.0 = Debug|Any CPU
		{F521ABB7-0ECE-40E6-86F7-3080AD41C874}.Release|Any CPU.ActiveCfg = Release|Any CPU
		{F521ABB7-0ECE-40E6-86F7-3080AD41C874}.Release|Any CPU.Build.0 = Release|Any CPU
	EndGlobalSection
	GlobalSection(SolutionProperties) = preSolution
		HideSolutionNode = FALSE
	EndGlobalSection
EndGlobal
